
Microsoft Visual Studio Solution File, Format Version 12.00
# Visual Studio Version 16
VisualStudioVersion = 16.0.31613.86
MinimumVisualStudioVersion = 10.0.40219.1
Project("{FAE04EC0-301F-11D3-BF4B-00C04F79EFBC}") = "TravelByRussia", "TravelByRussia.csproj", "{840A1E06-6A51-43EE-8028-D2FDEF441868}"
EndProject
Global
	GlobalSection(SolutionConfigurationPlatforms) = preSolution
		Debug|Any CPU = Debug|Any CPU
		Release|Any CPU = Release|Any CPU
	EndGlobalSection
	GlobalSection(ProjectConfigurationPlatforms) = postSolution
		{840A1E06-6A51-43EE-8028-D2FDEF441868}.Debug|Any CPU.ActiveCfg = Debug|Any CPU
		{840A1E06-6A51-43EE-8028-D2FDEF441868}.Debug|Any CPU.Build.0 = Debug|Any CPU
		{840A1E06-6A51-43EE-8028-D2FDEF441868}.Release|Any CPU.ActiveCfg = Release|Any CPU
		{840A1E06-6A51-43EE-8028-D2FDEF441868}.Release|Any CPU.Build.0 = Release|Any CPU
	EndGlobalSection
	GlobalSection(SolutionProperties) = preSolution
		HideSolutionNode = FALSE
	EndGlobalSection
	GlobalSection(ExtensibilityGlobals) = postSolution
		SolutionGuid = {59DF8FA9-785D-4F89-AB43-1278D6377DA1}
	EndGlobalSection
EndGlobal
